
Microsoft Visual Studio Solution File, Format Version 12.00
# Visual Studio 2017
Project("{FAE04EC0-301F-11D3-BF4B-00C04F79EFBC}") = "UI Interface", "UI Interface.csproj", "{4985FCC5-25CA-DA6A-6A1B-69EDAAB2C107}"
EndProject
Global
	GlobalSection(SolutionConfigurationPlatforms) = preSolution
		Debug|Any CPU = Debug|Any CPU
		Release|Any CPU = Release|Any CPU
	EndGlobalSection
	GlobalSection(ProjectConfigurationPlatforms) = postSolution
		{4985FCC5-25CA-DA6A-6A1B-69EDAAB2C107}.Debug|Any CPU.ActiveCfg = Debug|Any CPU
		{4985FCC5-25CA-DA6A-6A1B-69EDAAB2C107}.Debug|Any CPU.Build.0 = Debug|Any CPU
		{4985FCC5-25CA-DA6A-6A1B-69EDAAB2C107}.Release|Any CPU.ActiveCfg = Release|Any CPU
		{4985FCC5-25CA-DA6A-6A1B-69EDAAB2C107}.Release|Any CPU.Build.0 = Release|Any CPU
	EndGlobalSection
	GlobalSection(SolutionProperties) = preSolution
		HideSolutionNode = FALSE
	EndGlobalSection
EndGlobal
