
Microsoft Visual Studio Solution File, Format Version 12.00
# Visual Studio 15
VisualStudioVersion = 15.0.26430.13
MinimumVisualStudioVersion = 10.0.40219.1
Project("{FAE04EC0-301F-11D3-BF4B-00C04F79EFBC}") = "Encapsulation", "Encapsulation\Encapsulation.csproj", "{7AFBC942-250B-44E3-A173-609B726A2216}"
EndProject
Project("{FAE04EC0-301F-11D3-BF4B-00C04F79EFBC}") = "UnitTestProject1", "UnitTestProject1\UnitTestProject1.csproj", "{9B6726D4-6571-4A6C-BB38-3294A6A6B402}"
EndProject
Global
	GlobalSection(SolutionConfigurationPlatforms) = preSolution
		Debug|Any CPU = Debug|Any CPU
		Release|Any CPU = Release|Any CPU
	EndGlobalSection
	GlobalSection(ProjectConfigurationPlatforms) = postSolution
		{7AFBC942-250B-44E3-A173-609B726A2216}.Debug|Any CPU.ActiveCfg = Debug|Any CPU
		{7AFBC942-250B-44E3-A173-609B726A2216}.Debug|Any CPU.Build.0 = Debug|Any CPU
		{7AFBC942-250B-44E3-A173-609B726A2216}.Release|Any CPU.ActiveCfg = Release|Any CPU
		{7AFBC942-250B-44E3-A173-609B726A2216}.Release|Any CPU.Build.0 = Release|Any CPU
		{9B6726D4-6571-4A6C-BB38-3294A6A6B402}.Debug|Any CPU.ActiveCfg = Debug|Any CPU
		{9B6726D4-6571-4A6C-BB38-3294A6A6B402}.Debug|Any CPU.Build.0 = Debug|Any CPU
		{9B6726D4-6571-4A6C-BB38-3294A6A6B402}.Release|Any CPU.ActiveCfg = Release|Any CPU
		{9B6726D4-6571-4A6C-BB38-3294A6A6B402}.Release|Any CPU.Build.0 = Release|Any CPU
	EndGlobalSection
	GlobalSection(SolutionProperties) = preSolution
		HideSolutionNode = FALSE
	EndGlobalSection
EndGlobal
